{
  "nodes": {
    "crane": {
      "locked": {
        "lastModified": 1773857772,
        "narHash": "sha256-5xsK26KRHf0WytBtsBnQYC/lTWDhQuT57HJ7SzuqZcM=",
        "owner": "ipetkov",
        "repo": "crane",
        "rev": "b556d7bbae5ff86e378451511873dfd07e4504cd",
        "type": "github"
      },
      "original": {
        "owner": "ipetkov",
        "repo": "crane",
        "type": "github"
      }
    },
    "flake-utils": {
      "inputs": {
        "systems": "systems"
      },
      "locked": {
        "lastModified": 1731533236,
        "narHash": "sha256-l0KFg5HjrsfsO/JpG+r7fRrqm12kzFHyUHqHCVpMMbI=",
        "owner": "numtide",
        "repo": "flake-utils",
        "rev": "11707dc2f618dd54ca8739b309ec4fc024de578b",
        "type": "github"
      },
      "original": {
        "owner": "numtide",
        "repo": "flake-utils",
        "type": "github"
      }
    },
    "flake-utils_2": {
      "inputs": {
        "systems": "systems_2"
      },
      "locked": {
        "lastModified": 1731533236,
        "narHash": "sha256-l0KFg5HjrsfsO/JpG+r7fRrqm12kzFHyUHqHCVpMMbI=",
        "owner": "numtide",
        "repo": "flake-utils",
        "rev": "11707dc2f618dd54ca8739b309ec4fc024de578b",
        "type": "github"
      },
      "original": {
        "owner": "numtide",
        "repo": "flake-utils",
        "type": "github"
      }
    },
    "fts-flake": {
      "inputs": {
        "flake-utils": "flake-utils_2",
        "nixpkgs": [
          "nixpkgs"
        ],
        "reaper-file": "reaper-file",
        "rust-overlay": "rust-overlay"
      },
      "locked": {
        "lastModified": 1775630969,
        "narHash": "sha256-PM+PchcDR+1eR2Fg9EhxeXJN/Z4WKsGCFgq+tFoic/Y=",
        "owner": "FastTrackStudios",
        "repo": "fts-flake",
        "rev": "aee333d6913b1d97f95f4b301cf3d226b0b46150",
        "type": "github"
      },
      "original": {
        "owner": "FastTrackStudios",
        "repo": "fts-flake",
        "type": "github"
      }
    },
    "nix2container": {
      "inputs": {
        "nixpkgs": [
          "nixpkgs"
        ]
      },
      "locked": {
        "lastModified": 1767430085,
        "narHash": "sha256-SiXJ6xv4pS2MDUqfj0/mmG746cGeJrMQGmoFgHLS25Y=",
        "owner": "nlewo",
        "repo": "nix2container",
        "rev": "66f4b8a47e92aa744ec43acbb5e9185078983909",
        "type": "github"
      },
      "original": {
        "owner": "nlewo",
        "repo": "nix2container",
        "type": "github"
      }
    },
    "nixpkgs": {
      "locked": {
        "lastModified": 1773628058,
        "narHash": "sha256-hpXH0z3K9xv0fHaje136KY872VT2T5uwxtezlAskQgY=",
        "owner": "NixOS",
        "repo": "nixpkgs",
        "rev": "f8573b9c935cfaa162dd62cc9e75ae2db86f85df",
        "type": "github"
      },
      "original": {
        "owner": "NixOS",
        "ref": "nixpkgs-unstable",
        "repo": "nixpkgs",
        "type": "github"
      }
    },
    "reaper-file": {
      "flake": false,
      "locked": {
        "lastModified": 1774561114,
        "narHash": "sha256-yM1doLNZZAlXMud9hZTlYk8aJmb7FwzWR84IbWet7Po=",
        "owner": "FastTrackStudios",
        "repo": "reaper-file",
        "rev": "eb830ae78e79156d57f8bffb562768f9d5bd89cf",
        "type": "github"
      },
      "original": {
        "owner": "FastTrackStudios",
        "repo": "reaper-file",
        "type": "github"
      }
    },
    "root": {
      "inputs": {
        "crane": "crane",
        "flake-utils": "flake-utils",
        "fts-flake": "fts-flake",
        "nix2container": "nix2container",
        "nixpkgs": "nixpkgs",
        "rust-overlay": "rust-overlay_2",
        "wdl": "wdl"
      }
    },
    "rust-overlay": {
      "inputs": {
        "nixpkgs": [
          "fts-flake",
          "nixpkgs"
        ]
      },
      "locked": {
        "lastModified": 1775617983,
        "narHash": "sha256-2NWGA/I4j/qlx6qbg86QvJiK1/GyH9gnf0hFiARWVwE=",
        "owner": "oxalica",
        "repo": "rust-overlay",
        "rev": "d98b91b1feae7ef07fa2ccb3aa3f83f11abfae54",
        "type": "github"
      },
      "original": {
        "owner": "oxalica",
        "repo": "rust-overlay",
        "type": "github"
      }
    },
    "rust-overlay_2": {
      "inputs": {
        "nixpkgs": [
          "nixpkgs"
        ]
      },
      "locked": {
        "lastModified": 1773716879,
        "narHash": "sha256-vXCTasEzzTTd0ZGEuyle20H2hjRom66JeNr7i2ktHD0=",
        "owner": "oxalica",
        "repo": "rust-overlay",
        "rev": "1a9ddeb45c5751b800331363703641b84d1f41f0",
        "type": "github"
      },
      "original": {
        "owner": "oxalica",
        "repo": "rust-overlay",
        "type": "github"
      }
    },
    "systems": {
      "locked": {
        "lastModified": 1681028828,
        "narHash": "sha256-Vy1rq5AaRuLzOxct8nz4T6wlgyUR7zLU309k9mBC768=",
        "owner": "nix-systems",
        "repo": "default",
        "rev": "da67096a3b9bf56a91d16901293e51ba5b49a27e",
        "type": "github"
      },
      "original": {
        "owner": "nix-systems",
        "repo": "default",
        "type": "github"
      }
    },
    "systems_2": {
      "locked": {
        "lastModified": 1681028828,
        "narHash": "sha256-Vy1rq5AaRuLzOxct8nz4T6wlgyUR7zLU309k9mBC768=",
        "owner": "nix-systems",
        "repo": "default",
        "rev": "da67096a3b9bf56a91d16901293e51ba5b49a27e",
        "type": "github"
      },
      "original": {
        "owner": "nix-systems",
        "repo": "default",
        "type": "github"
      }
    },
    "wdl": {
      "flake": false,
      "locked": {
        "lastModified": 1774738202,
        "narHash": "sha256-6BM3m0WM4iZk4pfm10WNTU/ruaApGh0cKEPavz8pmFc=",
        "owner": "justinfrankel",
        "repo": "WDL",
        "rev": "1d232cde43478ebed5a5425d94db2d164e031a68",
        "type": "github"
      },
      "original": {
        "owner": "justinfrankel",
        "repo": "WDL",
        "type": "github"
      }
    }
  },
  "root": "root",
  "version": 7
}
